
Microsoft Visual Studio Solution File, Format Version 12.00
# Visual Studio 14
VisualStudioVersion = 14.0.25420.1
MinimumVisualStudioVersion = 10.0.40219.1
Project("{FAE04EC0-301F-11D3-BF4B-00C04F79EFBC}") = "CAD_webapp", "CAD_webapp\CAD_webapp.csproj", "{02DAE584-3C64-424E-82AD-C1A2FF65112F}"
EndProject
Project("{CC5FD16D-436D-48AD-A40C-5A424C6E3E79}") = "cadworker", "cadworker\cadworker.ccproj", "{C8370870-F6A1-4D9C-97DD-FF7AEE1FB786}"
EndProject
Project("{FAE04EC0-301F-11D3-BF4B-00C04F79EFBC}") = "WorkerRole2", "WorkerRole2\WorkerRole2.csproj", "{5F5DD3F0-CFEB-4FBC-8F59-18FE0519130E}"
EndProject
Global
	GlobalSection(SolutionConfigurationPlatforms) = preSolution
		Debug|Any CPU = Debug|Any CPU
		Release|Any CPU = Release|Any CPU
	EndGlobalSection
	GlobalSection(ProjectConfigurationPlatforms) = postSolution
		{02DAE584-3C64-424E-82AD-C1A2FF65112F}.Debug|Any CPU.ActiveCfg = Debug|Any CPU
		{02DAE584-3C64-424E-82AD-C1A2FF65112F}.Debug|Any CPU.Build.0 = Debug|Any CPU
		{02DAE584-3C64-424E-82AD-C1A2FF65112F}.Release|Any CPU.ActiveCfg = Release|Any CPU
		{02DAE584-3C64-424E-82AD-C1A2FF65112F}.Release|Any CPU.Build.0 = Release|Any CPU
		{C8370870-F6A1-4D9C-97DD-FF7AEE1FB786}.Debug|Any CPU.ActiveCfg = Debug|Any CPU
		{C8370870-F6A1-4D9C-97DD-FF7AEE1FB786}.Debug|Any CPU.Build.0 = Debug|Any CPU
		{C8370870-F6A1-4D9C-97DD-FF7AEE1FB786}.Release|Any CPU.ActiveCfg = Release|Any CPU
		{C8370870-F6A1-4D9C-97DD-FF7AEE1FB786}.Release|Any CPU.Build.0 = Release|Any CPU
		{5F5DD3F0-CFEB-4FBC-8F59-18FE0519130E}.Debug|Any CPU.ActiveCfg = Debug|Any CPU
		{5F5DD3F0-CFEB-4FBC-8F59-18FE0519130E}.Debug|Any CPU.Build.0 = Debug|Any CPU
		{5F5DD3F0-CFEB-4FBC-8F59-18FE0519130E}.Release|Any CPU.ActiveCfg = Release|Any CPU
		{5F5DD3F0-CFEB-4FBC-8F59-18FE0519130E}.Release|Any CPU.Build.0 = Release|Any CPU
	EndGlobalSection
	GlobalSection(SolutionProperties) = preSolution
		HideSolutionNode = FALSE
	EndGlobalSection
EndGlobal
